
Microsoft Visual Studio Solution File, Format Version 12.00
# Visual Studio Version 16
VisualStudioVersion = 16.0.30204.135
MinimumVisualStudioVersion = 10.0.40219.1
Project("{FAE04EC0-301F-11D3-BF4B-00C04F79EFBC}") = "SistemaLoja", "SistemaLoja\SistemaLoja.csproj", "{57EFEEAA-27C9-4102-A354-01D051E9821D}"
EndProject
Global
	GlobalSection(SolutionConfigurationPlatforms) = preSolution
		Debug|Any CPU = Debug|Any CPU
		Release|Any CPU = Release|Any CPU
	EndGlobalSection
	GlobalSection(ProjectConfigurationPlatforms) = postSolution
		{57EFEEAA-27C9-4102-A354-01D051E9821D}.Debug|Any CPU.ActiveCfg = Debug|Any CPU
		{57EFEEAA-27C9-4102-A354-01D051E9821D}.Debug|Any CPU.Build.0 = Debug|Any CPU
		{57EFEEAA-27C9-4102-A354-01D051E9821D}.Release|Any CPU.ActiveCfg = Release|Any CPU
		{57EFEEAA-27C9-4102-A354-01D051E9821D}.Release|Any CPU.Build.0 = Release|Any CPU
	EndGlobalSection
	GlobalSection(SolutionProperties) = preSolution
		HideSolutionNode = FALSE
	EndGlobalSection
	GlobalSection(ExtensibilityGlobals) = postSolution
		SolutionGuid = {3913015D-5847-45B2-A283-369DB3EC8367}
	EndGlobalSection
EndGlobal
